
Microsoft Visual Studio Solution File, Format Version 12.00
# Visual Studio Version 16
VisualStudioVersion = 16.0.31205.134
MinimumVisualStudioVersion = 10.0.40219.1
Project("{FAE04EC0-301F-11D3-BF4B-00C04F79EFBC}") = "terminy", "terminy\terminy.csproj", "{740F4FEC-B5DA-4FCF-B8F3-CC380BCC9C91}"
EndProject
Global
	GlobalSection(SolutionConfigurationPlatforms) = preSolution
		Debug|Any CPU = Debug|Any CPU
		Release|Any CPU = Release|Any CPU
	EndGlobalSection
	GlobalSection(ProjectConfigurationPlatforms) = postSolution
		{740F4FEC-B5DA-4FCF-B8F3-CC380BCC9C91}.Debug|Any CPU.ActiveCfg = Debug|Any CPU
		{740F4FEC-B5DA-4FCF-B8F3-CC380BCC9C91}.Debug|Any CPU.Build.0 = Debug|Any CPU
		{740F4FEC-B5DA-4FCF-B8F3-CC380BCC9C91}.Release|Any CPU.ActiveCfg = Release|Any CPU
		{740F4FEC-B5DA-4FCF-B8F3-CC380BCC9C91}.Release|Any CPU.Build.0 = Release|Any CPU
	EndGlobalSection
	GlobalSection(SolutionProperties) = preSolution
		HideSolutionNode = FALSE
	EndGlobalSection
	GlobalSection(ExtensibilityGlobals) = postSolution
		SolutionGuid = {045821D8-4488-4709-9E14-933AF0DE9B35}
	EndGlobalSection
EndGlobal
